
Microsoft Visual Studio Solution File, Format Version 12.00
# Visual Studio Version 17
VisualStudioVersion = 17.4.33103.184
MinimumVisualStudioVersion = 10.0.40219.1
Project("{9A19103F-16F7-4668-BE54-9A1E7A4F7556}") = "Stemka", "Stemka\Stemka.csproj", "{526D2A0B-8EA4-4725-B13B-AEF9CDFD310C}"
EndProject
Project("{FAE04EC0-301F-11D3-BF4B-00C04F79EFBC}") = "CreateModelsWordEnding", "CreateModelsWordEnding\CreateModelsWordEnding.csproj", "{5ADB0D97-37B1-4264-ABF9-AA11FCFD6EED}"
EndProject
Global
	GlobalSection(SolutionConfigurationPlatforms) = preSolution
		Debug|Any CPU = Debug|Any CPU
		Release|Any CPU = Release|Any CPU
	EndGlobalSection
	GlobalSection(ProjectConfigurationPlatforms) = postSolution
		{526D2A0B-8EA4-4725-B13B-AEF9CDFD310C}.Debug|Any CPU.ActiveCfg = Debug|Any CPU
		{526D2A0B-8EA4-4725-B13B-AEF9CDFD310C}.Debug|Any CPU.Build.0 = Debug|Any CPU
		{526D2A0B-8EA4-4725-B13B-AEF9CDFD310C}.Release|Any CPU.ActiveCfg = Release|Any CPU
		{526D2A0B-8EA4-4725-B13B-AEF9CDFD310C}.Release|Any CPU.Build.0 = Release|Any CPU
		{5ADB0D97-37B1-4264-ABF9-AA11FCFD6EED}.Debug|Any CPU.ActiveCfg = Debug|Any CPU
		{5ADB0D97-37B1-4264-ABF9-AA11FCFD6EED}.Debug|Any CPU.Build.0 = Debug|Any CPU
		{5ADB0D97-37B1-4264-ABF9-AA11FCFD6EED}.Release|Any CPU.ActiveCfg = Release|Any CPU
		{5ADB0D97-37B1-4264-ABF9-AA11FCFD6EED}.Release|Any CPU.Build.0 = Release|Any CPU
	EndGlobalSection
	GlobalSection(SolutionProperties) = preSolution
		HideSolutionNode = FALSE
	EndGlobalSection
	GlobalSection(ExtensibilityGlobals) = postSolution
		SolutionGuid = {8F932EEA-2BC0-40EE-8806-A966399AC306}
	EndGlobalSection
EndGlobal
